// !$*UTF8*$!
{ archiveVersion = 1; classes = {}; objectVersion = 56; objects = {
000000000000000000000001 = { isa = PBXProject; attributes = { LastUpgradeCheck = 2600; }; buildConfigurationList = 00000000000000000000001E; compatibilityVersion = "Xcode 14.0"; developmentRegion = en; knownRegions = (en, Base); mainGroup = 000000000000000000000002; productRefGroup = 000000000000000000000003; projectDirPath = ""; targets = (00000000000000000000000A,00000000000000000000000B); };
000000000000000000000002 = { isa = PBXGroup; children = (000000000000000000000004,000000000000000000000005,000000000000000000000006,000000000000000000000007,000000000000000000000003); sourceTree = "<group>"; };
000000000000000000000003 = { isa = PBXGroup; name = Products; children = (000000000000000000000008,000000000000000000000009); sourceTree = "<group>"; };
000000000000000000000004 = { isa = PBXFileReference; lastKnownFileType = sourcecode.swift; path = "MoonRabbitPlanner/MoonRabbitPlannerApp.swift"; sourceTree = "<group>"; };
000000000000000000000005 = { isa = PBXFileReference; lastKnownFileType = text.plist.xml; path = "MoonRabbitPlanner/Info.plist"; sourceTree = "<group>"; };
000000000000000000000006 = { isa = PBXFileReference; lastKnownFileType = folder; path = "../web"; sourceTree = "<group>"; };
000000000000000000000007 = { isa = PBXFileReference; lastKnownFileType = sourcecode.swift; path = "MoonRabbitPlannerUITests/PlannerUITests.swift"; sourceTree = "<group>"; };
000000000000000000000008 = { isa = PBXFileReference; explicitFileType = wrapper.application; path = MoonRabbitPlanner.app; sourceTree = BUILT_PRODUCTS_DIR; };
000000000000000000000009 = { isa = PBXFileReference; explicitFileType = wrapper.cfbundle; path = MoonRabbitPlannerUITests.xctest; sourceTree = BUILT_PRODUCTS_DIR; };
00000000000000000000000A = { isa = PBXNativeTarget; name = MoonRabbitPlanner; productName = MoonRabbitPlanner; buildConfigurationList = 00000000000000000000001F; buildPhases = (000000000000000000000014,000000000000000000000015,000000000000000000000016); buildRules = (); dependencies = (); productReference = 000000000000000000000008; productType = "com.apple.product-type.application"; };
00000000000000000000000B = { isa = PBXNativeTarget; name = MoonRabbitPlannerUITests; productName = MoonRabbitPlannerUITests; buildConfigurationList = 000000000000000000000020; buildPhases = (000000000000000000000017,000000000000000000000018,000000000000000000000019); buildRules = (); dependencies = (000000000000000000000028); productReference = 000000000000000000000009; productType = "com.apple.product-type.bundle.ui-testing"; };
000000000000000000000014 = { isa = PBXSourcesBuildPhase; buildActionMask = 2147483647; files = (00000000000000000000001A); runOnlyForDeploymentPostprocessing = 0; };
000000000000000000000015 = { isa = PBXFrameworksBuildPhase; buildActionMask = 2147483647; files = (); runOnlyForDeploymentPostprocessing = 0; };
000000000000000000000016 = { isa = PBXResourcesBuildPhase; buildActionMask = 2147483647; files = (00000000000000000000001B); runOnlyForDeploymentPostprocessing = 0; };
000000000000000000000017 = { isa = PBXSourcesBuildPhase; buildActionMask = 2147483647; files = (00000000000000000000001C); runOnlyForDeploymentPostprocessing = 0; };
000000000000000000000018 = { isa = PBXFrameworksBuildPhase; buildActionMask = 2147483647; files = (); runOnlyForDeploymentPostprocessing = 0; };
000000000000000000000019 = { isa = PBXResourcesBuildPhase; buildActionMask = 2147483647; files = (); runOnlyForDeploymentPostprocessing = 0; };
00000000000000000000001A = { isa = PBXBuildFile; fileRef = 000000000000000000000004; };
00000000000000000000001B = { isa = PBXBuildFile; fileRef = 000000000000000000000006; };
00000000000000000000001C = { isa = PBXBuildFile; fileRef = 000000000000000000000007; };
00000000000000000000001E = { isa = XCConfigurationList; buildConfigurations = (000000000000000000000021,000000000000000000000022); defaultConfigurationIsVisible = 0; defaultConfigurationName = Release; };
00000000000000000000001F = { isa = XCConfigurationList; buildConfigurations = (000000000000000000000023,000000000000000000000024); defaultConfigurationIsVisible = 0; defaultConfigurationName = Release; };
000000000000000000000020 = { isa = XCConfigurationList; buildConfigurations = (000000000000000000000025,000000000000000000000026); defaultConfigurationIsVisible = 0; defaultConfigurationName = Release; };
000000000000000000000021 = { isa = XCBuildConfiguration; name = Debug; buildSettings = { SDKROOT = iphoneos; IPHONEOS_DEPLOYMENT_TARGET = 16.0; SWIFT_VERSION = 5.0; ENABLE_DEBUG_DYLIB = NO; CLANG_ENABLE_MODULES = YES; TARGETED_DEVICE_FAMILY = 2; SUPPORTED_PLATFORMS = "iphoneos iphonesimulator"; SWIFT_OPTIMIZATION_LEVEL = "-Onone"; DEBUG_INFORMATION_FORMAT = dwarf; ENABLE_TESTABILITY = YES; SWIFT_ACTIVE_COMPILATION_CONDITIONS = DEBUG; }; };
000000000000000000000022 = { isa = XCBuildConfiguration; name = Release; buildSettings = { SDKROOT = iphoneos; IPHONEOS_DEPLOYMENT_TARGET = 16.0; SWIFT_VERSION = 5.0; ENABLE_DEBUG_DYLIB = NO; CLANG_ENABLE_MODULES = YES; TARGETED_DEVICE_FAMILY = 2; SUPPORTED_PLATFORMS = "iphoneos iphonesimulator"; SWIFT_OPTIMIZATION_LEVEL = "-O"; DEBUG_INFORMATION_FORMAT = "dwarf-with-dsym"; }; };
000000000000000000000023 = { isa = XCBuildConfiguration; name = Debug; buildSettings = { SDKROOT = iphoneos; IPHONEOS_DEPLOYMENT_TARGET = 16.0; SWIFT_VERSION = 5.0; ENABLE_DEBUG_DYLIB = NO; CLANG_ENABLE_MODULES = YES; TARGETED_DEVICE_FAMILY = 2; SUPPORTED_PLATFORMS = "iphoneos iphonesimulator"; CODE_SIGN_STYLE = Automatic; PRODUCT_NAME = "$(TARGET_NAME)"; PRODUCT_BUNDLE_IDENTIFIER = org.moonrabbit.planner.ipad; INFOPLIST_FILE = MoonRabbitPlanner/Info.plist; SWIFT_OPTIMIZATION_LEVEL = "-Onone"; DEBUG_INFORMATION_FORMAT = dwarf; ENABLE_TESTABILITY = YES; SWIFT_ACTIVE_COMPILATION_CONDITIONS = DEBUG; }; };
000000000000000000000024 = { isa = XCBuildConfiguration; name = Release; buildSettings = { SDKROOT = iphoneos; IPHONEOS_DEPLOYMENT_TARGET = 16.0; SWIFT_VERSION = 5.0; ENABLE_DEBUG_DYLIB = NO; CLANG_ENABLE_MODULES = YES; TARGETED_DEVICE_FAMILY = 2; SUPPORTED_PLATFORMS = "iphoneos iphonesimulator"; CODE_SIGN_STYLE = Automatic; PRODUCT_NAME = "$(TARGET_NAME)"; PRODUCT_BUNDLE_IDENTIFIER = org.moonrabbit.planner.ipad; INFOPLIST_FILE = MoonRabbitPlanner/Info.plist; SWIFT_OPTIMIZATION_LEVEL = "-O"; DEBUG_INFORMATION_FORMAT = "dwarf-with-dsym"; }; };
000000000000000000000025 = { isa = XCBuildConfiguration; name = Debug; buildSettings = { SDKROOT = iphoneos; IPHONEOS_DEPLOYMENT_TARGET = 16.0; SWIFT_VERSION = 5.0; ENABLE_DEBUG_DYLIB = NO; CLANG_ENABLE_MODULES = YES; TARGETED_DEVICE_FAMILY = 2; SUPPORTED_PLATFORMS = "iphoneos iphonesimulator"; CODE_SIGN_STYLE = Automatic; PRODUCT_NAME = "$(TARGET_NAME)"; PRODUCT_BUNDLE_IDENTIFIER = org.moonrabbit.planner.ipad.uitests; GENERATE_INFOPLIST_FILE = YES; TEST_TARGET_NAME = MoonRabbitPlanner; SWIFT_OPTIMIZATION_LEVEL = "-Onone"; DEBUG_INFORMATION_FORMAT = dwarf; ENABLE_TESTABILITY = YES; SWIFT_ACTIVE_COMPILATION_CONDITIONS = DEBUG; }; };
000000000000000000000026 = { isa = XCBuildConfiguration; name = Release; buildSettings = { SDKROOT = iphoneos; IPHONEOS_DEPLOYMENT_TARGET = 16.0; SWIFT_VERSION = 5.0; ENABLE_DEBUG_DYLIB = NO; CLANG_ENABLE_MODULES = YES; TARGETED_DEVICE_FAMILY = 2; SUPPORTED_PLATFORMS = "iphoneos iphonesimulator"; CODE_SIGN_STYLE = Automatic; PRODUCT_NAME = "$(TARGET_NAME)"; PRODUCT_BUNDLE_IDENTIFIER = org.moonrabbit.planner.ipad.uitests; GENERATE_INFOPLIST_FILE = YES; TEST_TARGET_NAME = MoonRabbitPlanner; SWIFT_OPTIMIZATION_LEVEL = "-O"; DEBUG_INFORMATION_FORMAT = "dwarf-with-dsym"; }; };
000000000000000000000028 = { isa = PBXTargetDependency; target = 00000000000000000000000A; targetProxy = 000000000000000000000029; };
000000000000000000000029 = { isa = PBXContainerItemProxy; containerPortal = 000000000000000000000001; proxyType = 1; remoteGlobalIDString = 00000000000000000000000A; remoteInfo = MoonRabbitPlanner; };
}; rootObject = 000000000000000000000001; }
